
Microsoft Visual Studio Solution File, Format Version 12.00
# Visual Studio 15
VisualStudioVersion = 15.0.27703.2026
MinimumVisualStudioVersion = 10.0.40219.1
Project("{E24C65DC-7377-472B-9ABA-BC803B73C61A}") = "repos", "http://localhost:58962", "{DE04C88C-1EB5-4242-9D93-345C749BC7C9}"
	ProjectSection(WebsiteProperties) = preProject
		UseIISExpress = "true"
		TargetFrameworkMoniker = ".NETFramework,Version%3Dv4.0"
		Debug.AspNetCompiler.VirtualPath = "/localhost_58962"
		Debug.AspNetCompiler.PhysicalPath = "..\..\repos\"
		Debug.AspNetCompiler.TargetPath = "PrecompiledWeb\localhost_58962\"
		Debug.AspNetCompiler.Updateable = "true"
		Debug.AspNetCompiler.ForceOverwrite = "true"
		Debug.AspNetCompiler.FixedNames = "false"
		Debug.AspNetCompiler.Debug = "True"
		Release.AspNetCompiler.VirtualPath = "/localhost_58962"
		Release.AspNetCompiler.PhysicalPath = "..\..\repos\"
		Release.AspNetCompiler.TargetPath = "PrecompiledWeb\localhost_58962\"
		Release.AspNetCompiler.Updateable = "true"
		Release.AspNetCompiler.ForceOverwrite = "true"
		Release.AspNetCompiler.FixedNames = "false"
		Release.AspNetCompiler.Debug = "False"
		SlnRelativePath = "..\..\repos\"
	EndProjectSection
EndProject
Global
	GlobalSection(SolutionConfigurationPlatforms) = preSolution
		Debug|Any CPU = Debug|Any CPU
	EndGlobalSection
	GlobalSection(ProjectConfigurationPlatforms) = postSolution
		{DE04C88C-1EB5-4242-9D93-345C749BC7C9}.Debug|Any CPU.ActiveCfg = Debug|Any CPU
		{DE04C88C-1EB5-4242-9D93-345C749BC7C9}.Debug|Any CPU.Build.0 = Debug|Any CPU
	EndGlobalSection
	GlobalSection(SolutionProperties) = preSolution
		HideSolutionNode = FALSE
	EndGlobalSection
	GlobalSection(ExtensibilityGlobals) = postSolution
		SolutionGuid = {616D812D-12BD-4174-8026-CBAE594A2DAF}
	EndGlobalSection
EndGlobal
