
Microsoft Visual Studio Solution File, Format Version 12.00
# Visual Studio 15
VisualStudioVersion = 15.0.27703.2026
MinimumVisualStudioVersion = 10.0.40219.1
Project("{8BC9CEB8-8B4A-11D0-8D11-00A0C91BC942}") = "MASM Project12", "MASM Project12\MASM Project12.vcxproj", "{C3D1D7D6-ACFE-407B-B2CB-F1B6FE94EFEE}"
EndProject
Global
	GlobalSection(SolutionConfigurationPlatforms) = preSolution
		Debug|x86 = Debug|x86
		Release|x86 = Release|x86
	EndGlobalSection
	GlobalSection(ProjectConfigurationPlatforms) = postSolution
		{C3D1D7D6-ACFE-407B-B2CB-F1B6FE94EFEE}.Debug|x86.ActiveCfg = Debug|Win32
		{C3D1D7D6-ACFE-407B-B2CB-F1B6FE94EFEE}.Debug|x86.Build.0 = Debug|Win32
		{C3D1D7D6-ACFE-407B-B2CB-F1B6FE94EFEE}.Release|x86.ActiveCfg = Release|Win32
		{C3D1D7D6-ACFE-407B-B2CB-F1B6FE94EFEE}.Release|x86.Build.0 = Release|Win32
	EndGlobalSection
	GlobalSection(SolutionProperties) = preSolution
		HideSolutionNode = FALSE
	EndGlobalSection
	GlobalSection(ExtensibilityGlobals) = postSolution
		SolutionGuid = {D6944BDC-7C5B-47C6-9CB1-74808B13706A}
	EndGlobalSection
EndGlobal
