
Microsoft Visual Studio Solution File, Format Version 12.00
# Visual Studio 15
VisualStudioVersion = 15.0.27703.2026
MinimumVisualStudioVersion = 10.0.40219.1
Project("{8BC9CEB8-8B4A-11D0-8D11-00A0C91BC942}") = "HW11_2", "HW11_2\HW11_2.vcxproj", "{9773F410-0BCB-4F69-8BE7-D7E2DE9E1535}"
EndProject
Global
	GlobalSection(SolutionConfigurationPlatforms) = preSolution
		Debug|x86 = Debug|x86
		Release|x86 = Release|x86
	EndGlobalSection
	GlobalSection(ProjectConfigurationPlatforms) = postSolution
		{9773F410-0BCB-4F69-8BE7-D7E2DE9E1535}.Debug|x86.ActiveCfg = Debug|Win32
		{9773F410-0BCB-4F69-8BE7-D7E2DE9E1535}.Debug|x86.Build.0 = Debug|Win32
		{9773F410-0BCB-4F69-8BE7-D7E2DE9E1535}.Release|x86.ActiveCfg = Release|Win32
		{9773F410-0BCB-4F69-8BE7-D7E2DE9E1535}.Release|x86.Build.0 = Release|Win32
	EndGlobalSection
	GlobalSection(SolutionProperties) = preSolution
		HideSolutionNode = FALSE
	EndGlobalSection
	GlobalSection(ExtensibilityGlobals) = postSolution
		SolutionGuid = {B6AB0A51-2910-4F91-9F15-B072AAEAF906}
	EndGlobalSection
EndGlobal
