
Microsoft Visual Studio Solution File, Format Version 12.00
# Visual Studio 15
VisualStudioVersion = 15.0.27703.2026
MinimumVisualStudioVersion = 10.0.40219.1
Project("{8BC9CEB8-8B4A-11D0-8D11-00A0C91BC942}") = "HW_LP_TESTING", "HW_LP_TESTING\HW_LP_TESTING.vcxproj", "{2262E5FE-896D-446C-BC35-FCDEB67CC316}"
EndProject
Global
	GlobalSection(SolutionConfigurationPlatforms) = preSolution
		Debug|x86 = Debug|x86
		Release|x86 = Release|x86
	EndGlobalSection
	GlobalSection(ProjectConfigurationPlatforms) = postSolution
		{2262E5FE-896D-446C-BC35-FCDEB67CC316}.Debug|x86.ActiveCfg = Debug|Win32
		{2262E5FE-896D-446C-BC35-FCDEB67CC316}.Debug|x86.Build.0 = Debug|Win32
		{2262E5FE-896D-446C-BC35-FCDEB67CC316}.Release|x86.ActiveCfg = Release|Win32
		{2262E5FE-896D-446C-BC35-FCDEB67CC316}.Release|x86.Build.0 = Release|Win32
	EndGlobalSection
	GlobalSection(SolutionProperties) = preSolution
		HideSolutionNode = FALSE
	EndGlobalSection
	GlobalSection(ExtensibilityGlobals) = postSolution
		SolutionGuid = {AFFF166C-06B7-4C5B-AAC5-DCC9A6B6929A}
	EndGlobalSection
EndGlobal
